{
  "name": "sitecore-components",
  "version": "0.0.1",
  "lockfileVersion": 1,
  "requires": true,
  "dependencies": {
    "@stencil/core": {
      "version": "2.3.0",
      "resolved": "https://registry.npmjs.org/@stencil/core/-/core-2.3.0.tgz",
      "integrity": "sha512-VZ/Ox0E1kngcmHbJhHUufuLELi+xG3of3LuRI3X2AMWyE82JUVYlOEsQci/YBZWpfc9BS9I36R88prBew22oew=="
    },
    "@types/arcgis-js-api": {
      "version": "4.17.0",
      "resolved": "https://registry.npmjs.org/@types/arcgis-js-api/-/arcgis-js-api-4.17.0.tgz",
      "integrity": "sha512-X7FOaEPsMkTT8K1dedMo/DNEnnLJsDgI1oogKdyus2gqWmVjLaGO7YP0jqT22v4pM2Y/32tbooIpU6/yYLn1Wg=="
    },
    "esri-loader": {
      "version": "2.16.0",
      "resolved": "https://registry.npmjs.org/esri-loader/-/esri-loader-2.16.0.tgz",
      "integrity": "sha512-0lneVO6aizdRFt1mbrOsRgbF/F1v4LBUwKg+kfiBmoGJPf2ATFI/OimBlfeDI6J1rEQiWHi1PsALFCF4yRf2mw=="
    }
  }
}
